
Microsoft Visual Studio Solution File, Format Version 12.00
# Visual Studio Version 17
VisualStudioVersion = 17.0.31903.59
MinimumVisualStudioVersion = 10.0.40219.1
Project("{FAE04EC0-301F-11D3-BF4B-00C04F79EFBC}") = "Protocolo", "Protocolo\Protocolo.csproj", "{B9C4E2BA-0D57-4EE0-9AF7-55FD9F114BEE}"
EndProject
Project("{FAE04EC0-301F-11D3-BF4B-00C04F79EFBC}") = "Game", "Game\Game.csproj", "{46EAE51D-7753-4B18-9E67-8D2768F57C87}"
EndProject
Project("{FAE04EC0-301F-11D3-BF4B-00C04F79EFBC}") = "Login", "Login\Login.csproj", "{155DCABA-ACAE-48B6-8CFA-BF4A264770A3}"
EndProject
Global
	GlobalSection(SolutionConfigurationPlatforms) = preSolution
		Debug|Any CPU = Debug|Any CPU
		Release|Any CPU = Release|Any CPU
	EndGlobalSection
	GlobalSection(ProjectConfigurationPlatforms) = postSolution
		{B9C4E2BA-0D57-4EE0-9AF7-55FD9F114BEE}.Debug|Any CPU.ActiveCfg = Debug|Any CPU
		{B9C4E2BA-0D57-4EE0-9AF7-55FD9F114BEE}.Debug|Any CPU.Build.0 = Debug|Any CPU
		{B9C4E2BA-0D57-4EE0-9AF7-55FD9F114BEE}.Release|Any CPU.ActiveCfg = Release|Any CPU
		{B9C4E2BA-0D57-4EE0-9AF7-55FD9F114BEE}.Release|Any CPU.Build.0 = Release|Any CPU
		{46EAE51D-7753-4B18-9E67-8D2768F57C87}.Debug|Any CPU.ActiveCfg = Debug|Any CPU
		{46EAE51D-7753-4B18-9E67-8D2768F57C87}.Debug|Any CPU.Build.0 = Debug|Any CPU
		{46EAE51D-7753-4B18-9E67-8D2768F57C87}.Release|Any CPU.ActiveCfg = Release|Any CPU
		{46EAE51D-7753-4B18-9E67-8D2768F57C87}.Release|Any CPU.Build.0 = Release|Any CPU
		{155DCABA-ACAE-48B6-8CFA-BF4A264770A3}.Debug|Any CPU.ActiveCfg = Debug|Any CPU
		{155DCABA-ACAE-48B6-8CFA-BF4A264770A3}.Debug|Any CPU.Build.0 = Debug|Any CPU
		{155DCABA-ACAE-48B6-8CFA-BF4A264770A3}.Release|Any CPU.ActiveCfg = Release|Any CPU
		{155DCABA-ACAE-48B6-8CFA-BF4A264770A3}.Release|Any CPU.Build.0 = Release|Any CPU
	EndGlobalSection
	GlobalSection(SolutionProperties) = preSolution
		HideSolutionNode = FALSE
	EndGlobalSection
EndGlobal
